// !$*UTF8*$!
{
	archiveVersion = 1;
	classes = {
	};
	objectVersion = 50;
	objects = {

/* Begin PBXBuildFile section */
		5612CB2E222FFE5900E75A81 /* AppDelegate.swift in Sources */ = {isa = PBXBuildFile; fileRef = 5612CB2D222FFE5900E75A81 /* AppDelegate.swift */; };
		5612CB30222FFE5900E75A81 /* ViewController.swift in Sources */ = {isa = PBXBuildFile; fileRef = 5612CB2F222FFE5900E75A81 /* ViewController.swift */; };
		5612CB33222FFE5900E75A81 /* Main.storyboard in Resources */ = {isa = PBXBuildFile; fileRef = 5612CB31222FFE5900E75A81 /* Main.storyboard */; };
		5612CB35222FFE5C00E75A81 /* Assets.xcassets in Resources */ = {isa = PBXBuildFile; fileRef = 5612CB34222FFE5C00E75A81 /* Assets.xcassets */; };
		5612CB38222FFE5C00E75A81 /* LaunchScreen.storyboard in Resources */ = {isa = PBXBuildFile; fileRef = 5612CB36222FFE5C00E75A81 /* LaunchScreen.storyboard */; };
		5612CB41223001AE00E75A81 /* ThirstySoftRegular.otf in Resources */ = {isa = PBXBuildFile; fileRef = 5612CB3F223001AE00E75A81 /* ThirstySoftRegular.otf */; };
		5612CB42223001AE00E75A81 /* Delm-Medium.otf in Resources */ = {isa = PBXBuildFile; fileRef = 5612CB40223001AE00E75A81 /* Delm-Medium.otf */; };
		5612CB482230088A00E75A81 /* Default-568h@2x.png in Resources */ = {isa = PBXBuildFile; fileRef = 5612CB472230088900E75A81 /* Default-568h@2x.png */; };
/* End PBXBuildFile section */

/* Begin PBXFileReference section */
		5612CB2A222FFE5900E75A81 /* Instagrid.app */ = {isa = PBXFileReference; explicitFileType = wrapper.application; includeInIndex = 0; path = Instagrid.app; sourceTree = BUILT_PRODUCTS_DIR; };
		5612CB2D222FFE5900E75A81 /* AppDelegate.swift */ = {isa = PBXFileReference; lastKnownFileType = sourcecode.swift; path = AppDelegate.swift; sourceTree = "<group>"; };
		5612CB2F222FFE5900E75A81 /* ViewController.swift */ = {isa = PBXFileReference; lastKnownFileType = sourcecode.swift; path = ViewController.swift; sourceTree = "<group>"; };
		5612CB32222FFE5900E75A81 /* Base */ = {isa = PBXFileReference; lastKnownFileType = file.storyboard; name = Base; path = Base.lproj/Main.storyboard; sourceTree = "<group>"; };
		5612CB34222FFE5C00E75A81 /* Assets.xcassets */ = {isa = PBXFileReference; lastKnownFileType = folder.assetcatalog; path = Assets.xcassets; sourceTree = "<group>"; };
		5612CB37222FFE5C00E75A81 /* Base */ = {isa = PBXFileReference; lastKnownFileType = file.storyboard; name = Base; path = Base.lproj/LaunchScreen.storyboard; sourceTree = "<group>"; };
		5612CB39222FFE5C00E75A81 /* Info.plist */ = {isa = PBXFileReference; lastKnownFileType = text.plist.xml; path = Info.plist; sourceTree = "<group>"; };
		5612CB3F223001AE00E75A81 /* ThirstySoftRegular.otf */ = {isa = PBXFileReference; lastKnownFileType = file; name = ThirstySoftRegular.otf; path = "Instagrid/Supporting Files/ThirstySoftRegular.otf"; sourceTree = SOURCE_ROOT; };
		5612CB40223001AE00E75A81 /* Delm-Medium.otf */ = {isa = PBXFileReference; lastKnownFileType = file; name = "Delm-Medium.otf"; path = "Instagrid/Supporting Files/Delm-Medium.otf"; sourceTree = SOURCE_ROOT; };
		5612CB472230088900E75A81 /* Default-568h@2x.png */ = {isa = PBXFileReference; lastKnownFileType = image.png; path = "Default-568h@2x.png"; sourceTree = "<group>"; };
/* End PBXFileReference section */

/* Begin PBXFrameworksBuildPhase section */
		5612CB27222FFE5900E75A81 /* Frameworks */ = {
			isa = PBXFrameworksBuildPhase;
			buildActionMask = 2147483647;
			files = (
			);
			runOnlyForDeploymentPostprocessing = 0;
		};
/* End PBXFrameworksBuildPhase section */

/* Begin PBXGroup section */
		5612CB21222FFE5900E75A81 = {
			isa = PBXGroup;
			children = (
				5612CB472230088900E75A81 /* Default-568h@2x.png */,
				5612CB2C222FFE5900E75A81 /* Instagrid */,
				5612CB2B222FFE5900E75A81 /* Products */,
			);
			sourceTree = "<group>";
		};
		5612CB2B222FFE5900E75A81 /* Products */ = {
			isa = PBXGroup;
			children = (
				5612CB2A222FFE5900E75A81 /* Instagrid.app */,
			);
			name = Products;
			sourceTree = "<group>";
		};
		5612CB2C222FFE5900E75A81 /* Instagrid */ = {
			isa = PBXGroup;
			children = (
				5612CB462230082C00E75A81 /* Supporting Files */,
				5612CB43223007AC00E75A81 /* Model */,
				5612CB44223007CD00E75A81 /* View */,
				5612CB45223007DE00E75A81 /* Controller */,
			);
			path = Instagrid;
			sourceTree = "<group>";
		};
		5612CB43223007AC00E75A81 /* Model */ = {
			isa = PBXGroup;
			children = (
			);
			path = Model;
			sourceTree = "<group>";
		};
		5612CB44223007CD00E75A81 /* View */ = {
			isa = PBXGroup;
			children = (
				5612CB31222FFE5900E75A81 /* Main.storyboard */,
			);
			path = View;
			sourceTree = "<group>";
		};
		5612CB45223007DE00E75A81 /* Controller */ = {
			isa = PBXGroup;
			children = (
				5612CB2F222FFE5900E75A81 /* ViewController.swift */,
			);
			path = Controller;
			sourceTree = "<group>";
		};
		5612CB462230082C00E75A81 /* Supporting Files */ = {
			isa = PBXGroup;
			children = (
				5612CB39222FFE5C00E75A81 /* Info.plist */,
				5612CB36222FFE5C00E75A81 /* LaunchScreen.storyboard */,
				5612CB3F223001AE00E75A81 /* ThirstySoftRegular.otf */,
				5612CB40223001AE00E75A81 /* Delm-Medium.otf */,
				5612CB34222FFE5C00E75A81 /* Assets.xcassets */,
				5612CB2D222FFE5900E75A81 /* AppDelegate.swift */,
			);
			path = "Supporting Files";
			sourceTree = "<group>";
		};
/* End PBXGroup section */

/* Begin PBXNativeTarget section */
		5612CB29222FFE5900E75A81 /* Instagrid */ = {
			isa = PBXNativeTarget;
			buildConfigurationList = 5612CB3C222FFE5C00E75A81 /* Build configuration list for PBXNativeTarget "Instagrid" */;
			buildPhases = (
				5612CB26222FFE5900E75A81 /* Sources */,
				5612CB27222FFE5900E75A81 /* Frameworks */,
				5612CB28222FFE5900E75A81 /* Resources */,
			);
			buildRules = (
			);
			dependencies = (
			);
			name = Instagrid;
			productName = Instagrid;
			productReference = 5612CB2A222FFE5900E75A81 /* Instagrid.app */;
			productType = "com.apple.product-type.application";
		};
/* End PBXNativeTarget section */

/* Begin PBXProject section */
		5612CB22222FFE5900E75A81 /* Project object */ = {
			isa = PBXProject;
			attributes = {
				LastSwiftUpdateCheck = 1010;
				LastUpgradeCheck = 1010;
				ORGANIZATIONNAME = PaulineNomballais;
				TargetAttributes = {
					5612CB29222FFE5900E75A81 = {
						CreatedOnToolsVersion = 10.1;
					};
				};
			};
			buildConfigurationList = 5612CB25222FFE5900E75A81 /* Build configuration list for PBXProject "Instagrid" */;
			compatibilityVersion = "Xcode 9.3";
			developmentRegion = en;
			hasScannedForEncodings = 0;
			knownRegions = (
				en,
				Base,
			);
			mainGroup = 5612CB21222FFE5900E75A81;
			productRefGroup = 5612CB2B222FFE5900E75A81 /* Products */;
			projectDirPath = "";
			projectRoot = "";
			targets = (
				5612CB29222FFE5900E75A81 /* Instagrid */,
			);
		};
/* End PBXProject section */

/* Begin PBXResourcesBuildPhase section */
		5612CB28222FFE5900E75A81 /* Resources */ = {
			isa = PBXResourcesBuildPhase;
			buildActionMask = 2147483647;
			files = (
				5612CB38222FFE5C00E75A81 /* LaunchScreen.storyboard in Resources */,
				5612CB42223001AE00E75A81 /* Delm-Medium.otf in Resources */,
				5612CB35222FFE5C00E75A81 /* Assets.xcassets in Resources */,
				5612CB41223001AE00E75A81 /* ThirstySoftRegular.otf in Resources */,
				5612CB33222FFE5900E75A81 /* Main.storyboard in Resources */,
				5612CB482230088A00E75A81 /* Default-568h@2x.png in Resources */,
			);
			runOnlyForDeploymentPostprocessing = 0;
		};
/* End PBXResourcesBuildPhase section */

/* Begin PBXSourcesBuildPhase section */
		5612CB26222FFE5900E75A81 /* Sources */ = {
			isa = PBXSourcesBuildPhase;
			buildActionMask = 2147483647;
			files = (
				5612CB30222FFE5900E75A81 /* ViewController.swift in Sources */,
				5612CB2E222FFE5900E75A81 /* AppDelegate.swift in Sources */,
			);
			runOnlyForDeploymentPostprocessing = 0;
		};
/* End PBXSourcesBuildPhase section */

/* Begin PBXVariantGroup section */
		5612CB31222FFE5900E75A81 /* Main.storyboard */ = {
			isa = PBXVariantGroup;
			children = (
				5612CB32222FFE5900E75A81 /* Base */,
			);
			name = Main.storyboard;
			sourceTree = "<group>";
		};
		5612CB36222FFE5C00E75A81 /* LaunchScreen.storyboard */ = {
			isa = PBXVariantGroup;
			children = (
				5612CB37222FFE5C00E75A81 /* Base */,
			);
			name = LaunchScreen.storyboard;
			sourceTree = "<group>";
		};
/* End PBXVariantGroup section */

/* Begin XCBuildConfiguration section */
		5612CB3A222FFE5C00E75A81 /* Debug */ = {
			isa = XCBuildConfiguration;
			buildSettings = {
				ALWAYS_SEARCH_USER_PATHS = NO;
				CLANG_ANALYZER_NONNULL = YES;
				CLANG_ANALYZER_NUMBER_OBJECT_CONVERSION = YES_AGGRESSIVE;
				CLANG_CXX_LANGUAGE_STANDARD = "gnu++14";
				CLANG_CXX_LIBRARY = "libc++";
				CLANG_ENABLE_MODULES = YES;
				CLANG_ENABLE_OBJC_ARC = YES;
				CLANG_ENABLE_OBJC_WEAK = YES;
				CLANG_WARN_BLOCK_CAPTURE_AUTORELEASING = YES;
				CLANG_WARN_BOOL_CONVERSION = YES;
				CLANG_WARN_COMMA = YES;
				CLANG_WARN_CONSTANT_CONVERSION = YES;
				CLANG_WARN_DEPRECATED_OBJC_IMPLEMENTATIONS = YES;
				CLANG_WARN_DIRECT_OBJC_ISA_USAGE = YES_ERROR;
				CLANG_WARN_DOCUMENTATION_COMMENTS = YES;
				CLANG_WARN_EMPTY_BODY = YES;
				CLANG_WARN_ENUM_CONVERSION = YES;
				CLANG_WARN_INFINITE_RECURSION = YES;
				CLANG_WARN_INT_CONVERSION = YES;
				CLANG_WARN_NON_LITERAL_NULL_CONVERSION = YES;
				CLANG_WARN_OBJC_IMPLICIT_RETAIN_SELF = YES;
				CLANG_WARN_OBJC_LITERAL_CONVERSION = YES;
				CLANG_WARN_OBJC_ROOT_CLASS = YES_ERROR;
				CLANG_WARN_RANGE_LOOP_ANALYSIS = YES;
				CLANG_WARN_STRICT_PROTOTYPES = YES;
				CLANG_WARN_SUSPICIOUS_MOVE = YES;
				CLANG_WARN_UNGUARDED_AVAILABILITY = YES_AGGRESSIVE;
				CLANG_WARN_UNREACHABLE_CODE = YES;
				CLANG_WARN__DUPLICATE_METHOD_MATCH = YES;
				CODE_SIGN_IDENTITY = "iPhone Developer";
				COPY_PHASE_STRIP = NO;
				DEBUG_INFORMATION_FORMAT = dwarf;
				ENABLE_STRICT_OBJC_MSGSEND = YES;
				ENABLE_TESTABILITY = YES;
				GCC_C_LANGUAGE_STANDARD = gnu11;
				GCC_DYNAMIC_NO_PIC = NO;
				GCC_NO_COMMON_BLOCKS = YES;
				GCC_OPTIMIZATION_LEVEL = 0;
				GCC_PREPROCESSOR_DEFINITIONS = (
					"DEBUG=1",
					"$(inherited)",
				);
				GCC_WARN_64_TO_32_BIT_CONVERSION = YES;
				GCC_WARN_ABOUT_RETURN_TYPE = YES_ERROR;
				GCC_WARN_UNDECLARED_SELECTOR = YES;
				GCC_WARN_UNINITIALIZED_AUTOS = YES_AGGRESSIVE;
				GCC_WARN_UNUSED_FUNCTION = YES;
				GCC_WARN_UNUSED_VARIABLE = YES;
				IPHONEOS_DEPLOYMENT_TARGET = 12.1;
				MTL_ENABLE_DEBUG_INFO = INCLUDE_SOURCE;
				MTL_FAST_MATH = YES;
				ONLY_ACTIVE_ARCH = YES;
				SDKROOT = iphoneos;
				SWIFT_ACTIVE_COMPILATION_CONDITIONS = DEBUG;
				SWIFT_OPTIMIZATION_LEVEL = "-Onone";
			};
			name = Debug;
		};
		5612CB3B222FFE5C00E75A81 /* Release */ = {
			isa = XCBuildConfiguration;
			buildSettings = {
				ALWAYS_SEARCH_USER_PATHS = NO;
				CLANG_ANALYZER_NONNULL = YES;
				CLANG_ANALYZER_NUMBER_OBJECT_CONVERSION = YES_AGGRESSIVE;
				CLANG_CXX_LANGUAGE_STANDARD = "gnu++14";
				CLANG_CXX_LIBRARY = "libc++";
				CLANG_ENABLE_MODULES = YES;
				CLANG_ENABLE_OBJC_ARC = YES;
				CLANG_ENABLE_OBJC_WEAK = YES;
				CLANG_WARN_BLOCK_CAPTURE_AUTORELEASING = YES;
				CLANG_WARN_BOOL_CONVERSION = YES;
				CLANG_WARN_COMMA = YES;
				CLANG_WARN_CONSTANT_CONVERSION = YES;
				CLANG_WARN_DEPRECATED_OBJC_IMPLEMENTATIONS = YES;
				CLANG_WARN_DIRECT_OBJC_ISA_USAGE = YES_ERROR;
				CLANG_WARN_DOCUMENTATION_COMMENTS = YES;
				CLANG_WARN_EMPTY_BODY = YES;
				CLANG_WARN_ENUM_CONVERSION = YES;
				CLANG_WARN_INFINITE_RECURSION = YES;
				CLANG_WARN_INT_CONVERSION = YES;
				CLANG_WARN_NON_LITERAL_NULL_CONVERSION = YES;
				CLANG_WARN_OBJC_IMPLICIT_RETAIN_SELF = YES;
				CLANG_WARN_OBJC_LITERAL_CONVERSION = YES;
				CLANG_WARN_OBJC_ROOT_CLASS = YES_ERROR;
				CLANG_WARN_RANGE_LOOP_ANALYSIS = YES;
				CLANG_WARN_STRICT_PROTOTYPES = YES;
				CLANG_WARN_SUSPICIOUS_MOVE = YES;
				CLANG_WARN_UNGUARDED_AVAILABILITY = YES_AGGRESSIVE;
				CLANG_WARN_UNREACHABLE_CODE = YES;
				CLANG_WARN__DUPLICATE_METHOD_MATCH = YES;
				CODE_SIGN_IDENTITY = "iPhone Developer";
				COPY_PHASE_STRIP = NO;
				DEBUG_INFORMATION_FORMAT = "dwarf-with-dsym";
				ENABLE_NS_ASSERTIONS = NO;
				ENABLE_STRICT_OBJC_MSGSEND = YES;
				GCC_C_LANGUAGE_STANDARD = gnu11;
				GCC_NO_COMMON_BLOCKS = YES;
				GCC_WARN_64_TO_32_BIT_CONVERSION = YES;
				GCC_WARN_ABOUT_RETURN_TYPE = YES_ERROR;
				GCC_WARN_UNDECLARED_SELECTOR = YES;
				GCC_WARN_UNINITIALIZED_AUTOS = YES_AGGRESSIVE;
				GCC_WARN_UNUSED_FUNCTION = YES;
				GCC_WARN_UNUSED_VARIABLE = YES;
				IPHONEOS_DEPLOYMENT_TARGET = 12.1;
				MTL_ENABLE_DEBUG_INFO = NO;
				MTL_FAST_MATH = YES;
				SDKROOT = iphoneos;
				SWIFT_COMPILATION_MODE = wholemodule;
				SWIFT_OPTIMIZATION_LEVEL = "-O";
				VALIDATE_PRODUCT = YES;
			};
			name = Release;
		};
		5612CB3D222FFE5C00E75A81 /* Debug */ = {
			isa = XCBuildConfiguration;
			buildSettings = {
				ASSETCATALOG_COMPILER_APPICON_NAME = AppIcon;
				CODE_SIGN_STYLE = Automatic;
				INFOPLIST_FILE = "$(SRCROOT)/Instagrid/Supporting Files/Info.plist";
				LD_RUNPATH_SEARCH_PATHS = (
					"$(inherited)",
					"@executable_path/Frameworks",
				);
				PRODUCT_BUNDLE_IDENTIFIER = fr.paulinenomballais.Instagrid;
				PRODUCT_NAME = "$(TARGET_NAME)";
				SWIFT_VERSION = 4.2;
				TARGETED_DEVICE_FAMILY = "1,2";
			};
			name = Debug;
		};
		5612CB3E222FFE5C00E75A81 /* Release */ = {
			isa = XCBuildConfiguration;
			buildSettings = {
				ASSETCATALOG_COMPILER_APPICON_NAME = AppIcon;
				CODE_SIGN_STYLE = Automatic;
				INFOPLIST_FILE = "$(SRCROOT)/Instagrid/Supporting Files/Info.plist";
				LD_RUNPATH_SEARCH_PATHS = (
					"$(inherited)",
					"@executable_path/Frameworks",
				);
				PRODUCT_BUNDLE_IDENTIFIER = fr.paulinenomballais.Instagrid;
				PRODUCT_NAME = "$(TARGET_NAME)";
				SWIFT_VERSION = 4.2;
				TARGETED_DEVICE_FAMILY = "1,2";
			};
			name = Release;
		};
/* End XCBuildConfiguration section */

/* Begin XCConfigurationList section */
		5612CB25222FFE5900E75A81 /* Build configuration list for PBXProject "Instagrid" */ = {
			isa = XCConfigurationList;
			buildConfigurations = (
				5612CB3A222FFE5C00E75A81 /* Debug */,
				5612CB3B222FFE5C00E75A81 /* Release */,
			);
			defaultConfigurationIsVisible = 0;
			defaultConfigurationName = Release;
		};
		5612CB3C222FFE5C00E75A81 /* Build configuration list for PBXNativeTarget "Instagrid" */ = {
			isa = XCConfigurationList;
			buildConfigurations = (
				5612CB3D222FFE5C00E75A81 /* Debug */,
				5612CB3E222FFE5C00E75A81 /* Release */,
			);
			defaultConfigurationIsVisible = 0;
			defaultConfigurationName = Release;
		};
/* End XCConfigurationList section */
	};
	rootObject = 5612CB22222FFE5900E75A81 /* Project object */;
}
